// !$*UTF8*$!
{
	archiveVersion = 1;
	classes = {
	};
	objectVersion = 46;
	objects = {

/* Begin PBXBuildFile section */
		510E2B412020F06D0083E69E /* CountrySelectorViewController.swift in Sources */ = {isa = PBXBuildFile; fileRef = 510E2B402020F06D0083E69E /* CountrySelectorViewController.swift */; };
		5114A81720DD79D400224D05 /* CostumerDataValidator.swift in Sources */ = {isa = PBXBuildFile; fileRef = 5114A81620DD79D400224D05 /* CostumerDataValidator.swift */; };
		51361574249D23A8007E2364 /* UIViewController+DisplayAnimated.swift in Sources */ = {isa = PBXBuildFile; fileRef = 51361573249D23A8007E2364 /* UIViewController+DisplayAnimated.swift */; };
		51361576249D2B6B007E2364 /* UIViewController+DismissKeyboard.swift in Sources */ = {isa = PBXBuildFile; fileRef = 51361575249D2B6B007E2364 /* UIViewController+DismissKeyboard.swift */; };
		51361579249E5ABB007E2364 /* CollectionCheckViewController.swift in Sources */ = {isa = PBXBuildFile; fileRef = 51361578249E5ABB007E2364 /* CollectionCheckViewController.swift */; };
		5145231E24ADD80E0045D039 /* UIViewController+AddBlurView.swift in Sources */ = {isa = PBXBuildFile; fileRef = 5145231D24ADD80E0045D039 /* UIViewController+AddBlurView.swift */; };
		514BDD1920F1583600F8F28E /* CountrySelectorViewCell.swift in Sources */ = {isa = PBXBuildFile; fileRef = 514BDD1820F1583600F8F28E /* CountrySelectorViewCell.swift */; };
		514BDD1D20F159D800F8F28E /* Country.swift in Sources */ = {isa = PBXBuildFile; fileRef = 514BDD1C20F159D800F8F28E /* Country.swift */; };
		514D47C220270E0600DD59EA /* CompleteViewController.swift in Sources */ = {isa = PBXBuildFile; fileRef = 514D47C120270E0600DD59EA /* CompleteViewController.swift */; };
		514D47C420277E5500DD59EA /* LocalData.swift in Sources */ = {isa = PBXBuildFile; fileRef = 514D47C320277E5500DD59EA /* LocalData.swift */; };
		5177C94824AE976F0028538F /* UIColor+Hex.swift in Sources */ = {isa = PBXBuildFile; fileRef = 5177C94724AE976F0028538F /* UIColor+Hex.swift */; };
		5177C94A24AE97B90028538F /* UIColor+CustomColors.swift in Sources */ = {isa = PBXBuildFile; fileRef = 5177C94924AE97B90028538F /* UIColor+CustomColors.swift */; };
		5177C94C24AE98D70028538F /* UIColor+Opacity.swift in Sources */ = {isa = PBXBuildFile; fileRef = 5177C94B24AE98D70028538F /* UIColor+Opacity.swift */; };
		5187CA241FC6048200C215AF /* ButtonDesign.swift in Sources */ = {isa = PBXBuildFile; fileRef = 5187CA231FC6048200C215AF /* ButtonDesign.swift */; };
		5190E83C24ACAEE100A44168 /* ShopIdService.swift in Sources */ = {isa = PBXBuildFile; fileRef = 5190E83B24ACAEE100A44168 /* ShopIdService.swift */; };
		5190E83E24ACCC1A00A44168 /* ShopId.swift in Sources */ = {isa = PBXBuildFile; fileRef = 5190E83D24ACCC1A00A44168 /* ShopId.swift */; };
		51985E1120E2B2120019FBE1 /* Reachability.swift in Sources */ = {isa = PBXBuildFile; fileRef = 51985E1020E2B2120019FBE1 /* Reachability.swift */; };
		51985E1320E2B3DC0019FBE1 /* CoreDataManager.swift in Sources */ = {isa = PBXBuildFile; fileRef = 51985E1220E2B3DC0019FBE1 /* CoreDataManager.swift */; };
		51985E1520E2B8450019FBE1 /* CostumerService.swift in Sources */ = {isa = PBXBuildFile; fileRef = 51985E1420E2B8450019FBE1 /* CostumerService.swift */; };
		51A6D690249F854400EB2A5B /* CollectionService.swift in Sources */ = {isa = PBXBuildFile; fileRef = 51A6D68F249F854400EB2A5B /* CollectionService.swift */; };
		51A6D692249F8F8900EB2A5B /* URLSession+Result.swift in Sources */ = {isa = PBXBuildFile; fileRef = 51A6D691249F8F8900EB2A5B /* URLSession+Result.swift */; };
		51A6D694249FAADB00EB2A5B /* Collection.swift in Sources */ = {isa = PBXBuildFile; fileRef = 51A6D693249FAADB00EB2A5B /* Collection.swift */; };
		51A6D69724A00E6000EB2A5B /* APIServiceError.swift in Sources */ = {isa = PBXBuildFile; fileRef = 51A6D69624A00E6000EB2A5B /* APIServiceError.swift */; };
		51A6D69E24A0197300EB2A5B /* Constants.swift in Sources */ = {isa = PBXBuildFile; fileRef = 51A6D69D24A0197300EB2A5B /* Constants.swift */; };
		51A6D6A024A236E300EB2A5B /* CollectionMapper.swift in Sources */ = {isa = PBXBuildFile; fileRef = 51A6D69F24A236E300EB2A5B /* CollectionMapper.swift */; };
		51BE2FA11F8C03860093C897 /* HomeViewController.swift in Sources */ = {isa = PBXBuildFile; fileRef = 51BE2F9C1F8C03860093C897 /* HomeViewController.swift */; };
		51BE2FA21F8C03860093C897 /* CatalogViewController.swift in Sources */ = {isa = PBXBuildFile; fileRef = 51BE2F9D1F8C03860093C897 /* CatalogViewController.swift */; };
		51BE2FA31F8C03860093C897 /* CatalogCollectionViewCell.swift in Sources */ = {isa = PBXBuildFile; fileRef = 51BE2F9E1F8C03860093C897 /* CatalogCollectionViewCell.swift */; };
		51BE2FA41F8C03860093C897 /* ImageViewController.swift in Sources */ = {isa = PBXBuildFile; fileRef = 51BE2F9F1F8C03860093C897 /* ImageViewController.swift */; };
		51BE2FA51F8C03860093C897 /* SelectionViewController.swift in Sources */ = {isa = PBXBuildFile; fileRef = 51BE2FA01F8C03860093C897 /* SelectionViewController.swift */; };
		51BE2FA71F8C03C80093C897 /* Main.storyboard in Resources */ = {isa = PBXBuildFile; fileRef = 51BE2FA61F8C03C80093C897 /* Main.storyboard */; };
		51BE2FA91F8C03EC0093C897 /* Assets.xcassets in Resources */ = {isa = PBXBuildFile; fileRef = 51BE2FA81F8C03EC0093C897 /* Assets.xcassets */; };
		51BE2FAB1F8C04020093C897 /* LaunchScreen.storyboard in Resources */ = {isa = PBXBuildFile; fileRef = 51BE2FAA1F8C04020093C897 /* LaunchScreen.storyboard */; };
		51BE2FC31F8C046B0093C897 /* AppDelegate.swift in Sources */ = {isa = PBXBuildFile; fileRef = 51BE2FC21F8C046B0093C897 /* AppDelegate.swift */; };
		51BE2FC51F8C047A0093C897 /* Dress.swift in Sources */ = {isa = PBXBuildFile; fileRef = 51BE2FC41F8C047A0093C897 /* Dress.swift */; };
		51BE2FC61F8D390C0093C897 /* Trajan Pro Regular.ttf in Resources */ = {isa = PBXBuildFile; fileRef = 51BE2FAF1F8C04460093C897 /* Trajan Pro Regular.ttf */; };
		51BE2FC71F8D39120093C897 /* Roboto-Black.ttf in Resources */ = {isa = PBXBuildFile; fileRef = 51BE2FB01F8C04460093C897 /* Roboto-Black.ttf */; };
		51BE2FC81F8D39150093C897 /* Roboto-BlackItalic.ttf in Resources */ = {isa = PBXBuildFile; fileRef = 51BE2FB11F8C04460093C897 /* Roboto-BlackItalic.ttf */; };
		51BE2FC91F8D39180093C897 /* Roboto-Bold.ttf in Resources */ = {isa = PBXBuildFile; fileRef = 51BE2FB21F8C04460093C897 /* Roboto-Bold.ttf */; };
		51BE2FCA1F8D391B0093C897 /* Roboto-BoldItalic.ttf in Resources */ = {isa = PBXBuildFile; fileRef = 51BE2FB31F8C04460093C897 /* Roboto-BoldItalic.ttf */; };
		51BE2FCB1F8D391F0093C897 /* Roboto-Italic.ttf in Resources */ = {isa = PBXBuildFile; fileRef = 51BE2FB41F8C04460093C897 /* Roboto-Italic.ttf */; };
		51BE2FCC1F8D39220093C897 /* Roboto-Light.ttf in Resources */ = {isa = PBXBuildFile; fileRef = 51BE2FB51F8C04460093C897 /* Roboto-Light.ttf */; };
		51BE2FCD1F8D39250093C897 /* Roboto-LightItalic.ttf in Resources */ = {isa = PBXBuildFile; fileRef = 51BE2FB61F8C04460093C897 /* Roboto-LightItalic.ttf */; };
		51BE2FCE1F8D39290093C897 /* Roboto-Medium.ttf in Resources */ = {isa = PBXBuildFile; fileRef = 51BE2FB71F8C04460093C897 /* Roboto-Medium.ttf */; };
		51BE2FCF1F8D392C0093C897 /* Roboto-MediumItalic.ttf in Resources */ = {isa = PBXBuildFile; fileRef = 51BE2FB81F8C04460093C897 /* Roboto-MediumItalic.ttf */; };
		51BE2FD01F8D392F0093C897 /* Roboto-Regular.ttf in Resources */ = {isa = PBXBuildFile; fileRef = 51BE2FB91F8C04460093C897 /* Roboto-Regular.ttf */; };
		51BE2FD11F8D39320093C897 /* Roboto-Thin.ttf in Resources */ = {isa = PBXBuildFile; fileRef = 51BE2FBA1F8C04460093C897 /* Roboto-Thin.ttf */; };
		51BE2FD21F8D39350093C897 /* Roboto-ThinItalic.ttf in Resources */ = {isa = PBXBuildFile; fileRef = 51BE2FBB1F8C04460093C897 /* Roboto-ThinItalic.ttf */; };
		51BE2FD31F8D39380093C897 /* RobotoCondensed-Bold.ttf in Resources */ = {isa = PBXBuildFile; fileRef = 51BE2FBC1F8C04460093C897 /* RobotoCondensed-Bold.ttf */; };
		51BE2FD41F8D393B0093C897 /* RobotoCondensed-BoldItalic.ttf in Resources */ = {isa = PBXBuildFile; fileRef = 51BE2FBD1F8C04460093C897 /* RobotoCondensed-BoldItalic.ttf */; };
		51BE2FD51F8D393E0093C897 /* RobotoCondensed-Italic.ttf in Resources */ = {isa = PBXBuildFile; fileRef = 51BE2FBE1F8C04460093C897 /* RobotoCondensed-Italic.ttf */; };
		51BE2FD61F8D39420093C897 /* RobotoCondensed-Light.ttf in Resources */ = {isa = PBXBuildFile; fileRef = 51BE2FBF1F8C04460093C897 /* RobotoCondensed-Light.ttf */; };
		51BE2FD71F8D39450093C897 /* RobotoCondensed-LightItalic.ttf in Resources */ = {isa = PBXBuildFile; fileRef = 51BE2FC01F8C04460093C897 /* RobotoCondensed-LightItalic.ttf */; };
		51BE2FD81F8D39480093C897 /* RobotoCondensed-Regular.ttf in Resources */ = {isa = PBXBuildFile; fileRef = 51BE2FC11F8C04460093C897 /* RobotoCondensed-Regular.ttf */; };
		51BE2FDA1F923C1C0093C897 /* Customer.swift in Sources */ = {isa = PBXBuildFile; fileRef = 51BE2FD91F923C1C0093C897 /* Customer.swift */; };
		51BE2FDC1F92C9120093C897 /* SelectionTableViewCell.swift in Sources */ = {isa = PBXBuildFile; fileRef = 51BE2FDB1F92C9120093C897 /* SelectionTableViewCell.swift */; };
		51BE2FDE1F9353430093C897 /* SelectedDressViewController.swift in Sources */ = {isa = PBXBuildFile; fileRef = 51BE2FDD1F9353430093C897 /* SelectedDressViewController.swift */; };
		51CC9AB720E2CB7400B56B52 /* CustomerMapper.swift in Sources */ = {isa = PBXBuildFile; fileRef = 51CC9AB620E2CB7400B56B52 /* CustomerMapper.swift */; };
		51DA8047233683C1002236E1 /* Catalog.xcdatamodeld in Sources */ = {isa = PBXBuildFile; fileRef = 51DA8045233683C0002236E1 /* Catalog.xcdatamodeld */; };
		51DD73632118B2A200A22F21 /* ShopIDViewController.swift in Sources */ = {isa = PBXBuildFile; fileRef = 51DD73622118B2A200A22F21 /* ShopIDViewController.swift */; };
		A3044524D3B780A937EA2949 /* Pods_Catalog.framework in Frameworks */ = {isa = PBXBuildFile; fileRef = B02E639736786045FB22B222 /* Pods_Catalog.framework */; };
		E66B910480EE2271901A4591 /* Pods_CatalogTests.framework in Frameworks */ = {isa = PBXBuildFile; fileRef = C0AAE193FA3F68DD2D314EAA /* Pods_CatalogTests.framework */; };
/* End PBXBuildFile section */

/* Begin PBXContainerItemProxy section */
		5114A81120DD796A00224D05 /* PBXContainerItemProxy */ = {
			isa = PBXContainerItemProxy;
			containerPortal = 51BE2F7C1F8C02EC0093C897 /* Project object */;
			proxyType = 1;
			remoteGlobalIDString = 51BE2F831F8C02EC0093C897;
			remoteInfo = Catalog;
		};
/* End PBXContainerItemProxy section */

/* Begin PBXFileReference section */
		4E488F90F17C945A36D048A6 /* Pods-Catalog.debug.xcconfig */ = {isa = PBXFileReference; includeInIndex = 1; lastKnownFileType = text.xcconfig; name = "Pods-Catalog.debug.xcconfig"; path = "Pods/Target Support Files/Pods-Catalog/Pods-Catalog.debug.xcconfig"; sourceTree = "<group>"; };
		510E2B402020F06D0083E69E /* CountrySelectorViewController.swift */ = {isa = PBXFileReference; lastKnownFileType = sourcecode.swift; path = CountrySelectorViewController.swift; sourceTree = "<group>"; };
		5114A80C20DD796A00224D05 /* CatalogTests.xctest */ = {isa = PBXFileReference; explicitFileType = wrapper.cfbundle; includeInIndex = 0; path = CatalogTests.xctest; sourceTree = BUILT_PRODUCTS_DIR; };
		5114A81020DD796A00224D05 /* Info.plist */ = {isa = PBXFileReference; lastKnownFileType = text.plist.xml; path = Info.plist; sourceTree = "<group>"; };
		5114A81620DD79D400224D05 /* CostumerDataValidator.swift */ = {isa = PBXFileReference; lastKnownFileType = sourcecode.swift; path = CostumerDataValidator.swift; sourceTree = "<group>"; };
		5114A81820DD7C4300224D05 /* ValidatorTests.swift */ = {isa = PBXFileReference; lastKnownFileType = sourcecode.swift; path = ValidatorTests.swift; sourceTree = "<group>"; };
		51361573249D23A8007E2364 /* UIViewController+DisplayAnimated.swift */ = {isa = PBXFileReference; lastKnownFileType = sourcecode.swift; path = "UIViewController+DisplayAnimated.swift"; sourceTree = "<group>"; };
		51361575249D2B6B007E2364 /* UIViewController+DismissKeyboard.swift */ = {isa = PBXFileReference; fileEncoding = 4; lastKnownFileType = sourcecode.swift; path = "UIViewController+DismissKeyboard.swift"; sourceTree = "<group>"; };
		51361578249E5ABB007E2364 /* CollectionCheckViewController.swift */ = {isa = PBXFileReference; lastKnownFileType = sourcecode.swift; path = CollectionCheckViewController.swift; sourceTree = "<group>"; };
		5145231D24ADD80E0045D039 /* UIViewController+AddBlurView.swift */ = {isa = PBXFileReference; lastKnownFileType = sourcecode.swift; path = "UIViewController+AddBlurView.swift"; sourceTree = "<group>"; };
		514BDD1820F1583600F8F28E /* CountrySelectorViewCell.swift */ = {isa = PBXFileReference; lastKnownFileType = sourcecode.swift; path = CountrySelectorViewCell.swift; sourceTree = "<group>"; };
		514BDD1C20F159D800F8F28E /* Country.swift */ = {isa = PBXFileReference; lastKnownFileType = sourcecode.swift; path = Country.swift; sourceTree = "<group>"; };
		514D47C120270E0600DD59EA /* CompleteViewController.swift */ = {isa = PBXFileReference; lastKnownFileType = sourcecode.swift; path = CompleteViewController.swift; sourceTree = "<group>"; };
		514D47C320277E5500DD59EA /* LocalData.swift */ = {isa = PBXFileReference; lastKnownFileType = sourcecode.swift; path = LocalData.swift; sourceTree = "<group>"; };
		5177C94724AE976F0028538F /* UIColor+Hex.swift */ = {isa = PBXFileReference; lastKnownFileType = sourcecode.swift; path = "UIColor+Hex.swift"; sourceTree = "<group>"; };
		5177C94924AE97B90028538F /* UIColor+CustomColors.swift */ = {isa = PBXFileReference; lastKnownFileType = sourcecode.swift; path = "UIColor+CustomColors.swift"; sourceTree = "<group>"; };
		5177C94B24AE98D70028538F /* UIColor+Opacity.swift */ = {isa = PBXFileReference; lastKnownFileType = sourcecode.swift; path = "UIColor+Opacity.swift"; sourceTree = "<group>"; };
		5187CA231FC6048200C215AF /* ButtonDesign.swift */ = {isa = PBXFileReference; lastKnownFileType = sourcecode.swift; path = ButtonDesign.swift; sourceTree = "<group>"; };
		5190E83B24ACAEE100A44168 /* ShopIdService.swift */ = {isa = PBXFileReference; lastKnownFileType = sourcecode.swift; path = ShopIdService.swift; sourceTree = "<group>"; };
		5190E83D24ACCC1A00A44168 /* ShopId.swift */ = {isa = PBXFileReference; lastKnownFileType = sourcecode.swift; path = ShopId.swift; sourceTree = "<group>"; };
		51985E1020E2B2120019FBE1 /* Reachability.swift */ = {isa = PBXFileReference; lastKnownFileType = sourcecode.swift; path = Reachability.swift; sourceTree = "<group>"; };
		51985E1220E2B3DC0019FBE1 /* CoreDataManager.swift */ = {isa = PBXFileReference; lastKnownFileType = sourcecode.swift; path = CoreDataManager.swift; sourceTree = "<group>"; };
		51985E1420E2B8450019FBE1 /* CostumerService.swift */ = {isa = PBXFileReference; lastKnownFileType = sourcecode.swift; path = CostumerService.swift; sourceTree = "<group>"; };
		51A6D68F249F854400EB2A5B /* CollectionService.swift */ = {isa = PBXFileReference; lastKnownFileType = sourcecode.swift; path = CollectionService.swift; sourceTree = "<group>"; };
		51A6D691249F8F8900EB2A5B /* URLSession+Result.swift */ = {isa = PBXFileReference; lastKnownFileType = sourcecode.swift; path = "URLSession+Result.swift"; sourceTree = "<group>"; };
		51A6D693249FAADB00EB2A5B /* Collection.swift */ = {isa = PBXFileReference; lastKnownFileType = sourcecode.swift; path = Collection.swift; sourceTree = "<group>"; };
		51A6D69624A00E6000EB2A5B /* APIServiceError.swift */ = {isa = PBXFileReference; lastKnownFileType = sourcecode.swift; path = APIServiceError.swift; sourceTree = "<group>"; };
		51A6D69D24A0197300EB2A5B /* Constants.swift */ = {isa = PBXFileReference; lastKnownFileType = sourcecode.swift; path = Constants.swift; sourceTree = "<group>"; };
		51A6D69F24A236E300EB2A5B /* CollectionMapper.swift */ = {isa = PBXFileReference; lastKnownFileType = sourcecode.swift; path = CollectionMapper.swift; sourceTree = "<group>"; };
		51BE2F841F8C02EC0093C897 /* Catalog.app */ = {isa = PBXFileReference; explicitFileType = wrapper.application; includeInIndex = 0; path = Catalog.app; sourceTree = BUILT_PRODUCTS_DIR; };
		51BE2F9C1F8C03860093C897 /* HomeViewController.swift */ = {isa = PBXFileReference; fileEncoding = 4; lastKnownFileType = sourcecode.swift; path = HomeViewController.swift; sourceTree = "<group>"; };
		51BE2F9D1F8C03860093C897 /* CatalogViewController.swift */ = {isa = PBXFileReference; fileEncoding = 4; lastKnownFileType = sourcecode.swift; path = CatalogViewController.swift; sourceTree = "<group>"; };
		51BE2F9E1F8C03860093C897 /* CatalogCollectionViewCell.swift */ = {isa = PBXFileReference; fileEncoding = 4; lastKnownFileType = sourcecode.swift; path = CatalogCollectionViewCell.swift; sourceTree = "<group>"; };
		51BE2F9F1F8C03860093C897 /* ImageViewController.swift */ = {isa = PBXFileReference; fileEncoding = 4; lastKnownFileType = sourcecode.swift; path = ImageViewController.swift; sourceTree = "<group>"; };
		51BE2FA01F8C03860093C897 /* SelectionViewController.swift */ = {isa = PBXFileReference; fileEncoding = 4; lastKnownFileType = sourcecode.swift; path = SelectionViewController.swift; sourceTree = "<group>"; };
		51BE2FA61F8C03C80093C897 /* Main.storyboard */ = {isa = PBXFileReference; fileEncoding = 4; lastKnownFileType = file.storyboard; path = Main.storyboard; sourceTree = "<group>"; };
		51BE2FA81F8C03EC0093C897 /* Assets.xcassets */ = {isa = PBXFileReference; lastKnownFileType = folder.assetcatalog; path = Assets.xcassets; sourceTree = "<group>"; };
		51BE2FAA1F8C04020093C897 /* LaunchScreen.storyboard */ = {isa = PBXFileReference; fileEncoding = 4; lastKnownFileType = file.storyboard; path = LaunchScreen.storyboard; sourceTree = "<group>"; };
		51BE2FAC1F8C04210093C897 /* Info.plist */ = {isa = PBXFileReference; fileEncoding = 4; lastKnownFileType = text.plist.xml; path = Info.plist; sourceTree = "<group>"; };
		51BE2FAF1F8C04460093C897 /* Trajan Pro Regular.ttf */ = {isa = PBXFileReference; lastKnownFileType = file; path = "Trajan Pro Regular.ttf"; sourceTree = "<group>"; };
		51BE2FB01F8C04460093C897 /* Roboto-Black.ttf */ = {isa = PBXFileReference; lastKnownFileType = file; path = "Roboto-Black.ttf"; sourceTree = "<group>"; };
		51BE2FB11F8C04460093C897 /* Roboto-BlackItalic.ttf */ = {isa = PBXFileReference; lastKnownFileType = file; path = "Roboto-BlackItalic.ttf"; sourceTree = "<group>"; };
		51BE2FB21F8C04460093C897 /* Roboto-Bold.ttf */ = {isa = PBXFileReference; lastKnownFileType = file; path = "Roboto-Bold.ttf"; sourceTree = "<group>"; };
		51BE2FB31F8C04460093C897 /* Roboto-BoldItalic.ttf */ = {isa = PBXFileReference; lastKnownFileType = file; path = "Roboto-BoldItalic.ttf"; sourceTree = "<group>"; };
		51BE2FB41F8C04460093C897 /* Roboto-Italic.ttf */ = {isa = PBXFileReference; lastKnownFileType = file; path = "Roboto-Italic.ttf"; sourceTree = "<group>"; };
		51BE2FB51F8C04460093C897 /* Roboto-Light.ttf */ = {isa = PBXFileReference; lastKnownFileType = file; path = "Roboto-Light.ttf"; sourceTree = "<group>"; };
		51BE2FB61F8C04460093C897 /* Roboto-LightItalic.ttf */ = {isa = PBXFileReference; lastKnownFileType = file; path = "Roboto-LightItalic.ttf"; sourceTree = "<group>"; };
		51BE2FB71F8C04460093C897 /* Roboto-Medium.ttf */ = {isa = PBXFileReference; lastKnownFileType = file; path = "Roboto-Medium.ttf"; sourceTree = "<group>"; };
		51BE2FB81F8C04460093C897 /* Roboto-MediumItalic.ttf */ = {isa = PBXFileReference; lastKnownFileType = file; path = "Roboto-MediumItalic.ttf"; sourceTree = "<group>"; };
		51BE2FB91F8C04460093C897 /* Roboto-Regular.ttf */ = {isa = PBXFileReference; lastKnownFileType = file; path = "Roboto-Regular.ttf"; sourceTree = "<group>"; };
		51BE2FBA1F8C04460093C897 /* Roboto-Thin.ttf */ = {isa = PBXFileReference; lastKnownFileType = file; path = "Roboto-Thin.ttf"; sourceTree = "<group>"; };
		51BE2FBB1F8C04460093C897 /* Roboto-ThinItalic.ttf */ = {isa = PBXFileReference; lastKnownFileType = file; path = "Roboto-ThinItalic.ttf"; sourceTree = "<group>"; };
		51BE2FBC1F8C04460093C897 /* RobotoCondensed-Bold.ttf */ = {isa = PBXFileReference; lastKnownFileType = file; path = "RobotoCondensed-Bold.ttf"; sourceTree = "<group>"; };
		51BE2FBD1F8C04460093C897 /* RobotoCondensed-BoldItalic.ttf */ = {isa = PBXFileReference; lastKnownFileType = file; path = "RobotoCondensed-BoldItalic.ttf"; sourceTree = "<group>"; };
		51BE2FBE1F8C04460093C897 /* RobotoCondensed-Italic.ttf */ = {isa = PBXFileReference; lastKnownFileType = file; path = "RobotoCondensed-Italic.ttf"; sourceTree = "<group>"; };
		51BE2FBF1F8C04460093C897 /* RobotoCondensed-Light.ttf */ = {isa = PBXFileReference; lastKnownFileType = file; path = "RobotoCondensed-Light.ttf"; sourceTree = "<group>"; };
		51BE2FC01F8C04460093C897 /* RobotoCondensed-LightItalic.ttf */ = {isa = PBXFileReference; lastKnownFileType = file; path = "RobotoCondensed-LightItalic.ttf"; sourceTree = "<group>"; };
		51BE2FC11F8C04460093C897 /* RobotoCondensed-Regular.ttf */ = {isa = PBXFileReference; lastKnownFileType = file; path = "RobotoCondensed-Regular.ttf"; sourceTree = "<group>"; };
		51BE2FC21F8C046B0093C897 /* AppDelegate.swift */ = {isa = PBXFileReference; fileEncoding = 4; lastKnownFileType = sourcecode.swift; path = AppDelegate.swift; sourceTree = "<group>"; };
		51BE2FC41F8C047A0093C897 /* Dress.swift */ = {isa = PBXFileReference; fileEncoding = 4; lastKnownFileType = sourcecode.swift; path = Dress.swift; sourceTree = "<group>"; };
		51BE2FD91F923C1C0093C897 /* Customer.swift */ = {isa = PBXFileReference; fileEncoding = 4; lastKnownFileType = sourcecode.swift; path = Customer.swift; sourceTree = "<group>"; };
		51BE2FDB1F92C9120093C897 /* SelectionTableViewCell.swift */ = {isa = PBXFileReference; fileEncoding = 4; lastKnownFileType = sourcecode.swift; path = SelectionTableViewCell.swift; sourceTree = "<group>"; };
		51BE2FDD1F9353430093C897 /* SelectedDressViewController.swift */ = {isa = PBXFileReference; fileEncoding = 4; lastKnownFileType = sourcecode.swift; path = SelectedDressViewController.swift; sourceTree = "<group>"; };
		51CC9AB620E2CB7400B56B52 /* CustomerMapper.swift */ = {isa = PBXFileReference; lastKnownFileType = sourcecode.swift; path = CustomerMapper.swift; sourceTree = "<group>"; };
		51DA8046233683C0002236E1 /* Catalog.xcdatamodel */ = {isa = PBXFileReference; lastKnownFileType = wrapper.xcdatamodel; path = Catalog.xcdatamodel; sourceTree = "<group>"; };
		51DD73622118B2A200A22F21 /* ShopIDViewController.swift */ = {isa = PBXFileReference; lastKnownFileType = sourcecode.swift; path = ShopIDViewController.swift; sourceTree = "<group>"; };
		6F9EC149DBC97831112B7CDA /* Pods-Catalog.release.xcconfig */ = {isa = PBXFileReference; includeInIndex = 1; lastKnownFileType = text.xcconfig; name = "Pods-Catalog.release.xcconfig"; path = "Pods/Target Support Files/Pods-Catalog/Pods-Catalog.release.xcconfig"; sourceTree = "<group>"; };
		75032F1A97BBA25CADC199E1 /* Pods-CatalogTests.debug.xcconfig */ = {isa = PBXFileReference; includeInIndex = 1; lastKnownFileType = text.xcconfig; name = "Pods-CatalogTests.debug.xcconfig"; path = "Pods/Target Support Files/Pods-CatalogTests/Pods-CatalogTests.debug.xcconfig"; sourceTree = "<group>"; };
		B02E639736786045FB22B222 /* Pods_Catalog.framework */ = {isa = PBXFileReference; explicitFileType = wrapper.framework; includeInIndex = 0; path = Pods_Catalog.framework; sourceTree = BUILT_PRODUCTS_DIR; };
		C0AAE193FA3F68DD2D314EAA /* Pods_CatalogTests.framework */ = {isa = PBXFileReference; explicitFileType = wrapper.framework; includeInIndex = 0; path = Pods_CatalogTests.framework; sourceTree = BUILT_PRODUCTS_DIR; };
		C3463749A29CCE873F64FA59 /* Pods-CatalogTests.release.xcconfig */ = {isa = PBXFileReference; includeInIndex = 1; lastKnownFileType = text.xcconfig; name = "Pods-CatalogTests.release.xcconfig"; path = "Pods/Target Support Files/Pods-CatalogTests/Pods-CatalogTests.release.xcconfig"; sourceTree = "<group>"; };
/* End PBXFileReference section */

/* Begin PBXFrameworksBuildPhase section */
		5114A80920DD796A00224D05 /* Frameworks */ = {
			isa = PBXFrameworksBuildPhase;
			buildActionMask = 2147483647;
			files = (
				E66B910480EE2271901A4591 /* Pods_CatalogTests.framework in Frameworks */,
			);
			runOnlyForDeploymentPostprocessing = 0;
		};
		51BE2F811F8C02EC0093C897 /* Frameworks */ = {
			isa = PBXFrameworksBuildPhase;
			buildActionMask = 2147483647;
			files = (
				A3044524D3B780A937EA2949 /* Pods_Catalog.framework in Frameworks */,
			);
			runOnlyForDeploymentPostprocessing = 0;
		};
/* End PBXFrameworksBuildPhase section */

/* Begin PBXGroup section */
		5114A80D20DD796A00224D05 /* CatalogTests */ = {
			isa = PBXGroup;
			children = (
				5114A81020DD796A00224D05 /* Info.plist */,
				5114A81820DD7C4300224D05 /* ValidatorTests.swift */,
			);
			path = CatalogTests;
			sourceTree = "<group>";
		};
		5114A82620DD96CF00224D05 /* Model */ = {
			isa = PBXGroup;
			children = (
				514BDD1C20F159D800F8F28E /* Country.swift */,
				51BE2FC41F8C047A0093C897 /* Dress.swift */,
				51BE2FD91F923C1C0093C897 /* Customer.swift */,
				51A6D693249FAADB00EB2A5B /* Collection.swift */,
				5190E83D24ACCC1A00A44168 /* ShopId.swift */,
			);
			path = Model;
			sourceTree = "<group>";
		};
		5114A82720DD96D900224D05 /* Utils */ = {
			isa = PBXGroup;
			children = (
				51A6D69B24A016F800EB2A5B /* Network */,
				51A6D69824A0162100EB2A5B /* Data */,
				51A6D69524A00E3600EB2A5B /* Enums */,
				51A6D68E249F846500EB2A5B /* Services */,
				51361572249D235F007E2364 /* Extensions */,
				5136156C249D1280007E2364 /* Designs */,
				51CC9AB520E2CB5A00B56B52 /* Mappers */,
				51BE2FAE1F8C04360093C897 /* Font */,
				5114A82620DD96CF00224D05 /* Model */,
			);
			path = Utils;
			sourceTree = "<group>";
		};
		51361569249D1153007E2364 /* Home */ = {
			isa = PBXGroup;
			children = (
				51A6D69924A0164300EB2A5B /* Validators */,
				51361577249E5A7A007E2364 /* CollectionCheck */,
				5136156E249D15E1007E2364 /* ShopID */,
				5136156D249D14EF007E2364 /* CountrySelector */,
				51BE2F9C1F8C03860093C897 /* HomeViewController.swift */,
			);
			path = Home;
			sourceTree = "<group>";
		};
		5136156A249D119C007E2364 /* Catalog */ = {
			isa = PBXGroup;
			children = (
				51BE2F9D1F8C03860093C897 /* CatalogViewController.swift */,
				51BE2F9E1F8C03860093C897 /* CatalogCollectionViewCell.swift */,
				51BE2F9F1F8C03860093C897 /* ImageViewController.swift */,
			);
			path = Catalog;
			sourceTree = "<group>";
		};
		5136156B249D1223007E2364 /* Selection */ = {
			isa = PBXGroup;
			children = (
				51361570249D160F007E2364 /* CompletedPopUp */,
				5136156F249D15FF007E2364 /* SelectedDress */,
				51BE2FA01F8C03860093C897 /* SelectionViewController.swift */,
				51BE2FDB1F92C9120093C897 /* SelectionTableViewCell.swift */,
			);
			path = Selection;
			sourceTree = "<group>";
		};
		5136156C249D1280007E2364 /* Designs */ = {
			isa = PBXGroup;
			children = (
				5187CA231FC6048200C215AF /* ButtonDesign.swift */,
			);
			path = Designs;
			sourceTree = "<group>";
		};
		5136156D249D14EF007E2364 /* CountrySelector */ = {
			isa = PBXGroup;
			children = (
				514BDD1820F1583600F8F28E /* CountrySelectorViewCell.swift */,
				510E2B402020F06D0083E69E /* CountrySelectorViewController.swift */,
			);
			path = CountrySelector;
			sourceTree = "<group>";
		};
		5136156E249D15E1007E2364 /* ShopID */ = {
			isa = PBXGroup;
			children = (
				51DD73622118B2A200A22F21 /* ShopIDViewController.swift */,
			);
			path = ShopID;
			sourceTree = "<group>";
		};
		5136156F249D15FF007E2364 /* SelectedDress */ = {
			isa = PBXGroup;
			children = (
				51BE2FDD1F9353430093C897 /* SelectedDressViewController.swift */,
			);
			path = SelectedDress;
			sourceTree = "<group>";
		};
		51361570249D160F007E2364 /* CompletedPopUp */ = {
			isa = PBXGroup;
			children = (
				514D47C120270E0600DD59EA /* CompleteViewController.swift */,
			);
			path = CompletedPopUp;
			sourceTree = "<group>";
		};
		51361572249D235F007E2364 /* Extensions */ = {
			isa = PBXGroup;
			children = (
				51361575249D2B6B007E2364 /* UIViewController+DismissKeyboard.swift */,
				51361573249D23A8007E2364 /* UIViewController+DisplayAnimated.swift */,
				51A6D691249F8F8900EB2A5B /* URLSession+Result.swift */,
				5145231D24ADD80E0045D039 /* UIViewController+AddBlurView.swift */,
				5177C94724AE976F0028538F /* UIColor+Hex.swift */,
				5177C94924AE97B90028538F /* UIColor+CustomColors.swift */,
				5177C94B24AE98D70028538F /* UIColor+Opacity.swift */,
			);
			path = Extensions;
			sourceTree = "<group>";
		};
		51361577249E5A7A007E2364 /* CollectionCheck */ = {
			isa = PBXGroup;
			children = (
				51361578249E5ABB007E2364 /* CollectionCheckViewController.swift */,
			);
			path = CollectionCheck;
			sourceTree = "<group>";
		};
		51A6D68E249F846500EB2A5B /* Services */ = {
			isa = PBXGroup;
			children = (
				51985E1420E2B8450019FBE1 /* CostumerService.swift */,
				51A6D68F249F854400EB2A5B /* CollectionService.swift */,
				51A6D69D24A0197300EB2A5B /* Constants.swift */,
				5190E83B24ACAEE100A44168 /* ShopIdService.swift */,
			);
			path = Services;
			sourceTree = "<group>";
		};
		51A6D69524A00E3600EB2A5B /* Enums */ = {
			isa = PBXGroup;
			children = (
				51A6D69624A00E6000EB2A5B /* APIServiceError.swift */,
			);
			path = Enums;
			sourceTree = "<group>";
		};
		51A6D69824A0162100EB2A5B /* Data */ = {
			isa = PBXGroup;
			children = (
				51A6D69A24A016DE00EB2A5B /* CoreData */,
				514D47C320277E5500DD59EA /* LocalData.swift */,
			);
			path = Data;
			sourceTree = "<group>";
		};
		51A6D69924A0164300EB2A5B /* Validators */ = {
			isa = PBXGroup;
			children = (
				5114A81620DD79D400224D05 /* CostumerDataValidator.swift */,
			);
			path = Validators;
			sourceTree = "<group>";
		};
		51A6D69A24A016DE00EB2A5B /* CoreData */ = {
			isa = PBXGroup;
			children = (
				51985E1220E2B3DC0019FBE1 /* CoreDataManager.swift */,
				51DA8045233683C0002236E1 /* Catalog.xcdatamodeld */,
			);
			path = CoreData;
			sourceTree = "<group>";
		};
		51A6D69B24A016F800EB2A5B /* Network */ = {
			isa = PBXGroup;
			children = (
				51985E1020E2B2120019FBE1 /* Reachability.swift */,
			);
			path = Network;
			sourceTree = "<group>";
		};
		51BE2F7B1F8C02EB0093C897 = {
			isa = PBXGroup;
			children = (
				51BE2F861F8C02ED0093C897 /* Catalog */,
				5114A80D20DD796A00224D05 /* CatalogTests */,
				51BE2F851F8C02EC0093C897 /* Products */,
				8A4C6404130CFE29C95E0A9E /* Pods */,
				DEDE4F164D1375AA29F87007 /* Frameworks */,
			);
			sourceTree = "<group>";
		};
		51BE2F851F8C02EC0093C897 /* Products */ = {
			isa = PBXGroup;
			children = (
				51BE2F841F8C02EC0093C897 /* Catalog.app */,
				5114A80C20DD796A00224D05 /* CatalogTests.xctest */,
			);
			name = Products;
			sourceTree = "<group>";
		};
		51BE2F861F8C02ED0093C897 /* Catalog */ = {
			isa = PBXGroup;
			children = (
				5136156B249D1223007E2364 /* Selection */,
				5136156A249D119C007E2364 /* Catalog */,
				51361569249D1153007E2364 /* Home */,
				5114A82720DD96D900224D05 /* Utils */,
				51BE2FA61F8C03C80093C897 /* Main.storyboard */,
				51BE2FA81F8C03EC0093C897 /* Assets.xcassets */,
				51BE2FC21F8C046B0093C897 /* AppDelegate.swift */,
				51BE2FAC1F8C04210093C897 /* Info.plist */,
				51BE2FAA1F8C04020093C897 /* LaunchScreen.storyboard */,
			);
			path = Catalog;
			sourceTree = "<group>";
		};
		51BE2FAE1F8C04360093C897 /* Font */ = {
			isa = PBXGroup;
			children = (
				51BE2FAF1F8C04460093C897 /* Trajan Pro Regular.ttf */,
				51BE2FB01F8C04460093C897 /* Roboto-Black.ttf */,
				51BE2FB11F8C04460093C897 /* Roboto-BlackItalic.ttf */,
				51BE2FB21F8C04460093C897 /* Roboto-Bold.ttf */,
				51BE2FB31F8C04460093C897 /* Roboto-BoldItalic.ttf */,
				51BE2FB41F8C04460093C897 /* Roboto-Italic.ttf */,
				51BE2FB51F8C04460093C897 /* Roboto-Light.ttf */,
				51BE2FB61F8C04460093C897 /* Roboto-LightItalic.ttf */,
				51BE2FB71F8C04460093C897 /* Roboto-Medium.ttf */,
				51BE2FB81F8C04460093C897 /* Roboto-MediumItalic.ttf */,
				51BE2FB91F8C04460093C897 /* Roboto-Regular.ttf */,
				51BE2FBA1F8C04460093C897 /* Roboto-Thin.ttf */,
				51BE2FBB1F8C04460093C897 /* Roboto-ThinItalic.ttf */,
				51BE2FBC1F8C04460093C897 /* RobotoCondensed-Bold.ttf */,
				51BE2FBD1F8C04460093C897 /* RobotoCondensed-BoldItalic.ttf */,
				51BE2FBE1F8C04460093C897 /* RobotoCondensed-Italic.ttf */,
				51BE2FBF1F8C04460093C897 /* RobotoCondensed-Light.ttf */,
				51BE2FC01F8C04460093C897 /* RobotoCondensed-LightItalic.ttf */,
				51BE2FC11F8C04460093C897 /* RobotoCondensed-Regular.ttf */,
			);
			name = Font;
			path = fonts;
			sourceTree = "<group>";
		};
		51CC9AB520E2CB5A00B56B52 /* Mappers */ = {
			isa = PBXGroup;
			children = (
				51CC9AB620E2CB7400B56B52 /* CustomerMapper.swift */,
				51A6D69F24A236E300EB2A5B /* CollectionMapper.swift */,
			);
			path = Mappers;
			sourceTree = "<group>";
		};
		8A4C6404130CFE29C95E0A9E /* Pods */ = {
			isa = PBXGroup;
			children = (
				4E488F90F17C945A36D048A6 /* Pods-Catalog.debug.xcconfig */,
				6F9EC149DBC97831112B7CDA /* Pods-Catalog.release.xcconfig */,
				75032F1A97BBA25CADC199E1 /* Pods-CatalogTests.debug.xcconfig */,
				C3463749A29CCE873F64FA59 /* Pods-CatalogTests.release.xcconfig */,
			);
			name = Pods;
			sourceTree = "<group>";
		};
		DEDE4F164D1375AA29F87007 /* Frameworks */ = {
			isa = PBXGroup;
			children = (
				B02E639736786045FB22B222 /* Pods_Catalog.framework */,
				C0AAE193FA3F68DD2D314EAA /* Pods_CatalogTests.framework */,
			);
			name = Frameworks;
			sourceTree = "<group>";
		};
/* End PBXGroup section */

/* Begin PBXNativeTarget section */
		5114A80B20DD796A00224D05 /* CatalogTests */ = {
			isa = PBXNativeTarget;
			buildConfigurationList = 5114A81520DD796A00224D05 /* Build configuration list for PBXNativeTarget "CatalogTests" */;
			buildPhases = (
				0CD4E99B40CE40BF22C23407 /* [CP] Check Pods Manifest.lock */,
				5114A80820DD796A00224D05 /* Sources */,
				5114A80920DD796A00224D05 /* Frameworks */,
				5114A80A20DD796A00224D05 /* Resources */,
				0261C6E17E14B57A7AE8D940 /* [CP] Embed Pods Frameworks */,
				7AF9F7BD1107259C9900B33D /* [CP] Copy Pods Resources */,
			);
			buildRules = (
			);
			dependencies = (
				5114A81220DD796A00224D05 /* PBXTargetDependency */,
			);
			name = CatalogTests;
			productName = CatalogTests;
			productReference = 5114A80C20DD796A00224D05 /* CatalogTests.xctest */;
			productType = "com.apple.product-type.bundle.unit-test";
		};
		51BE2F831F8C02EC0093C897 /* Catalog */ = {
			isa = PBXNativeTarget;
			buildConfigurationList = 51BE2F991F8C02F10093C897 /* Build configuration list for PBXNativeTarget "Catalog" */;
			buildPhases = (
				EA753103254078EB1BF05D85 /* [CP] Check Pods Manifest.lock */,
				51BE2F801F8C02EC0093C897 /* Sources */,
				51BE2F811F8C02EC0093C897 /* Frameworks */,
				51BE2F821F8C02EC0093C897 /* Resources */,
				9D3543C87331682F3C83F1A3 /* [CP] Embed Pods Frameworks */,
				6FAA9D4551B8101653CC3285 /* [CP] Copy Pods Resources */,
			);
			buildRules = (
			);
			dependencies = (
			);
			name = Catalog;
			productName = Catalog;
			productReference = 51BE2F841F8C02EC0093C897 /* Catalog.app */;
			productType = "com.apple.product-type.application";
		};
/* End PBXNativeTarget section */

/* Begin PBXProject section */
		51BE2F7C1F8C02EC0093C897 /* Project object */ = {
			isa = PBXProject;
			attributes = {
				LastSwiftUpdateCheck = 0930;
				LastUpgradeCheck = 1030;
				ORGANIZATIONNAME = AppCoda;
				TargetAttributes = {
					5114A80B20DD796A00224D05 = {
						CreatedOnToolsVersion = 9.3.1;
						DevelopmentTeam = YMP4M2YLRU;
						ProvisioningStyle = Automatic;
						TestTargetID = 51BE2F831F8C02EC0093C897;
					};
					51BE2F831F8C02EC0093C897 = {
						CreatedOnToolsVersion = 8.1;
						DevelopmentTeam = YMP4M2YLRU;
						LastSwiftMigration = 0920;
						ProvisioningStyle = Automatic;
					};
				};
			};
			buildConfigurationList = 51BE2F7F1F8C02EC0093C897 /* Build configuration list for PBXProject "Catalog" */;
			compatibilityVersion = "Xcode 3.2";
			developmentRegion = en;
			hasScannedForEncodings = 0;
			knownRegions = (
				en,
				Base,
				pl,
			);
			mainGroup = 51BE2F7B1F8C02EB0093C897;
			productRefGroup = 51BE2F851F8C02EC0093C897 /* Products */;
			projectDirPath = "";
			projectRoot = "";
			targets = (
				51BE2F831F8C02EC0093C897 /* Catalog */,
				5114A80B20DD796A00224D05 /* CatalogTests */,
			);
		};
/* End PBXProject section */

/* Begin PBXResourcesBuildPhase section */
		5114A80A20DD796A00224D05 /* Resources */ = {
			isa = PBXResourcesBuildPhase;
			buildActionMask = 2147483647;
			files = (
			);
			runOnlyForDeploymentPostprocessing = 0;
		};
		51BE2F821F8C02EC0093C897 /* Resources */ = {
			isa = PBXResourcesBuildPhase;
			buildActionMask = 2147483647;
			files = (
				51BE2FD41F8D393B0093C897 /* RobotoCondensed-BoldItalic.ttf in Resources */,
				51BE2FD11F8D39320093C897 /* Roboto-Thin.ttf in Resources */,
				51BE2FD71F8D39450093C897 /* RobotoCondensed-LightItalic.ttf in Resources */,
				51BE2FCE1F8D39290093C897 /* Roboto-Medium.ttf in Resources */,
				51BE2FCA1F8D391B0093C897 /* Roboto-BoldItalic.ttf in Resources */,
				51BE2FD61F8D39420093C897 /* RobotoCondensed-Light.ttf in Resources */,
				51BE2FCD1F8D39250093C897 /* Roboto-LightItalic.ttf in Resources */,
				51BE2FCF1F8D392C0093C897 /* Roboto-MediumItalic.ttf in Resources */,
				51BE2FAB1F8C04020093C897 /* LaunchScreen.storyboard in Resources */,
				51BE2FCC1F8D39220093C897 /* Roboto-Light.ttf in Resources */,
				51BE2FD81F8D39480093C897 /* RobotoCondensed-Regular.ttf in Resources */,
				51BE2FD51F8D393E0093C897 /* RobotoCondensed-Italic.ttf in Resources */,
				51BE2FA71F8C03C80093C897 /* Main.storyboard in Resources */,
				51BE2FC81F8D39150093C897 /* Roboto-BlackItalic.ttf in Resources */,
				51BE2FD21F8D39350093C897 /* Roboto-ThinItalic.ttf in Resources */,
				51BE2FC61F8D390C0093C897 /* Trajan Pro Regular.ttf in Resources */,
				51BE2FD31F8D39380093C897 /* RobotoCondensed-Bold.ttf in Resources */,
				51BE2FA91F8C03EC0093C897 /* Assets.xcassets in Resources */,
				51BE2FCB1F8D391F0093C897 /* Roboto-Italic.ttf in Resources */,
				51BE2FD01F8D392F0093C897 /* Roboto-Regular.ttf in Resources */,
				51BE2FC91F8D39180093C897 /* Roboto-Bold.ttf in Resources */,
				51BE2FC71F8D39120093C897 /* Roboto-Black.ttf in Resources */,
			);
			runOnlyForDeploymentPostprocessing = 0;
		};
/* End PBXResourcesBuildPhase section */

/* Begin PBXShellScriptBuildPhase section */
		0261C6E17E14B57A7AE8D940 /* [CP] Embed Pods Frameworks */ = {
			isa = PBXShellScriptBuildPhase;
			buildActionMask = 2147483647;
			files = (
			);
			inputPaths = (
			);
			name = "[CP] Embed Pods Frameworks";
			outputPaths = (
			);
			runOnlyForDeploymentPostprocessing = 0;
			shellPath = /bin/sh;
			shellScript = "\"${SRCROOT}/Pods/Target Support Files/Pods-CatalogTests/Pods-CatalogTests-frameworks.sh\"\n";
			showEnvVarsInLog = 0;
		};
		0CD4E99B40CE40BF22C23407 /* [CP] Check Pods Manifest.lock */ = {
			isa = PBXShellScriptBuildPhase;
			buildActionMask = 2147483647;
			files = (
			);
			inputPaths = (
				"${PODS_PODFILE_DIR_PATH}/Podfile.lock",
				"${PODS_ROOT}/Manifest.lock",
			);
			name = "[CP] Check Pods Manifest.lock";
			outputPaths = (
				"$(DERIVED_FILE_DIR)/Pods-CatalogTests-checkManifestLockResult.txt",
			);
			runOnlyForDeploymentPostprocessing = 0;
			shellPath = /bin/sh;
			shellScript = "diff \"${PODS_PODFILE_DIR_PATH}/Podfile.lock\" \"${PODS_ROOT}/Manifest.lock\" > /dev/null\nif [ $? != 0 ] ; then\n    # print error to STDERR\n    echo \"error: The sandbox is not in sync with the Podfile.lock. Run 'pod install' or update your CocoaPods installation.\" >&2\n    exit 1\nfi\n# This output is used by Xcode 'outputs' to avoid re-running this script phase.\necho \"SUCCESS\" > \"${SCRIPT_OUTPUT_FILE_0}\"\n";
			showEnvVarsInLog = 0;
		};
		6FAA9D4551B8101653CC3285 /* [CP] Copy Pods Resources */ = {
			isa = PBXShellScriptBuildPhase;
			buildActionMask = 2147483647;
			files = (
			);
			inputPaths = (
			);
			name = "[CP] Copy Pods Resources";
			outputPaths = (
			);
			runOnlyForDeploymentPostprocessing = 0;
			shellPath = /bin/sh;
			shellScript = "\"${SRCROOT}/Pods/Target Support Files/Pods-Catalog/Pods-Catalog-resources.sh\"\n";
			showEnvVarsInLog = 0;
		};
		7AF9F7BD1107259C9900B33D /* [CP] Copy Pods Resources */ = {
			isa = PBXShellScriptBuildPhase;
			buildActionMask = 2147483647;
			files = (
			);
			inputPaths = (
			);
			name = "[CP] Copy Pods Resources";
			outputPaths = (
			);
			runOnlyForDeploymentPostprocessing = 0;
			shellPath = /bin/sh;
			shellScript = "\"${SRCROOT}/Pods/Target Support Files/Pods-CatalogTests/Pods-CatalogTests-resources.sh\"\n";
			showEnvVarsInLog = 0;
		};
		9D3543C87331682F3C83F1A3 /* [CP] Embed Pods Frameworks */ = {
			isa = PBXShellScriptBuildPhase;
			buildActionMask = 2147483647;
			files = (
			);
			inputPaths = (
			);
			name = "[CP] Embed Pods Frameworks";
			outputPaths = (
			);
			runOnlyForDeploymentPostprocessing = 0;
			shellPath = /bin/sh;
			shellScript = "\"${SRCROOT}/Pods/Target Support Files/Pods-Catalog/Pods-Catalog-frameworks.sh\"\n";
			showEnvVarsInLog = 0;
		};
		EA753103254078EB1BF05D85 /* [CP] Check Pods Manifest.lock */ = {
			isa = PBXShellScriptBuildPhase;
			buildActionMask = 2147483647;
			files = (
			);
			inputPaths = (
				"${PODS_PODFILE_DIR_PATH}/Podfile.lock",
				"${PODS_ROOT}/Manifest.lock",
			);
			name = "[CP] Check Pods Manifest.lock";
			outputPaths = (
				"$(DERIVED_FILE_DIR)/Pods-Catalog-checkManifestLockResult.txt",
			);
			runOnlyForDeploymentPostprocessing = 0;
			shellPath = /bin/sh;
			shellScript = "diff \"${PODS_PODFILE_DIR_PATH}/Podfile.lock\" \"${PODS_ROOT}/Manifest.lock\" > /dev/null\nif [ $? != 0 ] ; then\n    # print error to STDERR\n    echo \"error: The sandbox is not in sync with the Podfile.lock. Run 'pod install' or update your CocoaPods installation.\" >&2\n    exit 1\nfi\n# This output is used by Xcode 'outputs' to avoid re-running this script phase.\necho \"SUCCESS\" > \"${SCRIPT_OUTPUT_FILE_0}\"\n";
			showEnvVarsInLog = 0;
		};
/* End PBXShellScriptBuildPhase section */

/* Begin PBXSourcesBuildPhase section */
		5114A80820DD796A00224D05 /* Sources */ = {
			isa = PBXSourcesBuildPhase;
			buildActionMask = 2147483647;
			files = (
			);
			runOnlyForDeploymentPostprocessing = 0;
		};
		51BE2F801F8C02EC0093C897 /* Sources */ = {
			isa = PBXSourcesBuildPhase;
			buildActionMask = 2147483647;
			files = (
				51BE2FA21F8C03860093C897 /* CatalogViewController.swift in Sources */,
				514D47C220270E0600DD59EA /* CompleteViewController.swift in Sources */,
				51BE2FDE1F9353430093C897 /* SelectedDressViewController.swift in Sources */,
				51A6D690249F854400EB2A5B /* CollectionService.swift in Sources */,
				51985E1320E2B3DC0019FBE1 /* CoreDataManager.swift in Sources */,
				51361574249D23A8007E2364 /* UIViewController+DisplayAnimated.swift in Sources */,
				51BE2FA31F8C03860093C897 /* CatalogCollectionViewCell.swift in Sources */,
				51A6D69E24A0197300EB2A5B /* Constants.swift in Sources */,
				51A6D6A024A236E300EB2A5B /* CollectionMapper.swift in Sources */,
				5187CA241FC6048200C215AF /* ButtonDesign.swift in Sources */,
				514D47C420277E5500DD59EA /* LocalData.swift in Sources */,
				51361579249E5ABB007E2364 /* CollectionCheckViewController.swift in Sources */,
				51BE2FA41F8C03860093C897 /* ImageViewController.swift in Sources */,
				510E2B412020F06D0083E69E /* CountrySelectorViewController.swift in Sources */,
				51985E1520E2B8450019FBE1 /* CostumerService.swift in Sources */,
				5177C94C24AE98D70028538F /* UIColor+Opacity.swift in Sources */,
				51A6D69724A00E6000EB2A5B /* APIServiceError.swift in Sources */,
				51DD73632118B2A200A22F21 /* ShopIDViewController.swift in Sources */,
				51BE2FC31F8C046B0093C897 /* AppDelegate.swift in Sources */,
				51A6D692249F8F8900EB2A5B /* URLSession+Result.swift in Sources */,
				51BE2FDA1F923C1C0093C897 /* Customer.swift in Sources */,
				5177C94A24AE97B90028538F /* UIColor+CustomColors.swift in Sources */,
				51CC9AB720E2CB7400B56B52 /* CustomerMapper.swift in Sources */,
				5177C94824AE976F0028538F /* UIColor+Hex.swift in Sources */,
				5114A81720DD79D400224D05 /* CostumerDataValidator.swift in Sources */,
				51BE2FA11F8C03860093C897 /* HomeViewController.swift in Sources */,
				5190E83C24ACAEE100A44168 /* ShopIdService.swift in Sources */,
				51A6D694249FAADB00EB2A5B /* Collection.swift in Sources */,
				51985E1120E2B2120019FBE1 /* Reachability.swift in Sources */,
				51BE2FA51F8C03860093C897 /* SelectionViewController.swift in Sources */,
				5190E83E24ACCC1A00A44168 /* ShopId.swift in Sources */,
				514BDD1D20F159D800F8F28E /* Country.swift in Sources */,
				5145231E24ADD80E0045D039 /* UIViewController+AddBlurView.swift in Sources */,
				51BE2FDC1F92C9120093C897 /* SelectionTableViewCell.swift in Sources */,
				51BE2FC51F8C047A0093C897 /* Dress.swift in Sources */,
				514BDD1920F1583600F8F28E /* CountrySelectorViewCell.swift in Sources */,
				51361576249D2B6B007E2364 /* UIViewController+DismissKeyboard.swift in Sources */,
				51DA8047233683C1002236E1 /* Catalog.xcdatamodeld in Sources */,
			);
			runOnlyForDeploymentPostprocessing = 0;
		};
/* End PBXSourcesBuildPhase section */

/* Begin PBXTargetDependency section */
		5114A81220DD796A00224D05 /* PBXTargetDependency */ = {
			isa = PBXTargetDependency;
			target = 51BE2F831F8C02EC0093C897 /* Catalog */;
			targetProxy = 5114A81120DD796A00224D05 /* PBXContainerItemProxy */;
		};
/* End PBXTargetDependency section */

/* Begin XCBuildConfiguration section */
		5114A81320DD796A00224D05 /* Debug */ = {
			isa = XCBuildConfiguration;
			baseConfigurationReference = 75032F1A97BBA25CADC199E1 /* Pods-CatalogTests.debug.xcconfig */;
			buildSettings = {
				BUNDLE_LOADER = "$(TEST_HOST)";
				CLANG_ANALYZER_NUMBER_OBJECT_CONVERSION = YES_AGGRESSIVE;
				CLANG_CXX_LANGUAGE_STANDARD = "gnu++14";
				CLANG_ENABLE_OBJC_WEAK = YES;
				CLANG_WARN_UNGUARDED_AVAILABILITY = YES_AGGRESSIVE;
				CODE_SIGN_IDENTITY = "iPhone Developer";
				CODE_SIGN_STYLE = Automatic;
				DEVELOPMENT_TEAM = YMP4M2YLRU;
				GCC_C_LANGUAGE_STANDARD = gnu11;
				INFOPLIST_FILE = CatalogTests/Info.plist;
				IPHONEOS_DEPLOYMENT_TARGET = 11.3;
				LD_RUNPATH_SEARCH_PATHS = "$(inherited) @executable_path/Frameworks @loader_path/Frameworks";
				PRODUCT_BUNDLE_IDENTIFIER = com.pedrosolisg.CatalogTests;
				PRODUCT_NAME = "$(TARGET_NAME)";
				SWIFT_VERSION = 4.0;
				TARGETED_DEVICE_FAMILY = "1,2";
				TEST_HOST = "$(BUILT_PRODUCTS_DIR)/Catalog.app/Catalog";
			};
			name = Debug;
		};
		5114A81420DD796A00224D05 /* Release */ = {
			isa = XCBuildConfiguration;
			baseConfigurationReference = C3463749A29CCE873F64FA59 /* Pods-CatalogTests.release.xcconfig */;
			buildSettings = {
				BUNDLE_LOADER = "$(TEST_HOST)";
				CLANG_ANALYZER_NUMBER_OBJECT_CONVERSION = YES_AGGRESSIVE;
				CLANG_CXX_LANGUAGE_STANDARD = "gnu++14";
				CLANG_ENABLE_OBJC_WEAK = YES;
				CLANG_WARN_UNGUARDED_AVAILABILITY = YES_AGGRESSIVE;
				CODE_SIGN_IDENTITY = "iPhone Developer";
				CODE_SIGN_STYLE = Automatic;
				DEVELOPMENT_TEAM = YMP4M2YLRU;
				GCC_C_LANGUAGE_STANDARD = gnu11;
				INFOPLIST_FILE = CatalogTests/Info.plist;
				IPHONEOS_DEPLOYMENT_TARGET = 11.3;
				LD_RUNPATH_SEARCH_PATHS = "$(inherited) @executable_path/Frameworks @loader_path/Frameworks";
				PRODUCT_BUNDLE_IDENTIFIER = com.pedrosolisg.CatalogTests;
				PRODUCT_NAME = "$(TARGET_NAME)";
				SWIFT_VERSION = 4.0;
				TARGETED_DEVICE_FAMILY = "1,2";
				TEST_HOST = "$(BUILT_PRODUCTS_DIR)/Catalog.app/Catalog";
			};
			name = Release;
		};
		51BE2F971F8C02F10093C897 /* Debug */ = {
			isa = XCBuildConfiguration;
			buildSettings = {
				ALWAYS_SEARCH_USER_PATHS = NO;
				CLANG_ANALYZER_LOCALIZABILITY_NONLOCALIZED = YES;
				CLANG_ANALYZER_NONNULL = YES;
				CLANG_CXX_LANGUAGE_STANDARD = "gnu++0x";
				CLANG_CXX_LIBRARY = "libc++";
				CLANG_ENABLE_MODULES = YES;
				CLANG_ENABLE_OBJC_ARC = YES;
				CLANG_WARN_BLOCK_CAPTURE_AUTORELEASING = YES;
				CLANG_WARN_BOOL_CONVERSION = YES;
				CLANG_WARN_COMMA = YES;
				CLANG_WARN_CONSTANT_CONVERSION = YES;
				CLANG_WARN_DEPRECATED_OBJC_IMPLEMENTATIONS = YES;
				CLANG_WARN_DIRECT_OBJC_ISA_USAGE = YES_ERROR;
				CLANG_WARN_DOCUMENTATION_COMMENTS = YES;
				CLANG_WARN_EMPTY_BODY = YES;
				CLANG_WARN_ENUM_CONVERSION = YES;
				CLANG_WARN_INFINITE_RECURSION = YES;
				CLANG_WARN_INT_CONVERSION = YES;
				CLANG_WARN_NON_LITERAL_NULL_CONVERSION = YES;
				CLANG_WARN_OBJC_IMPLICIT_RETAIN_SELF = YES;
				CLANG_WARN_OBJC_LITERAL_CONVERSION = YES;
				CLANG_WARN_OBJC_ROOT_CLASS = YES_ERROR;
				CLANG_WARN_RANGE_LOOP_ANALYSIS = YES;
				CLANG_WARN_STRICT_PROTOTYPES = YES;
				CLANG_WARN_SUSPICIOUS_MOVE = YES;
				CLANG_WARN_SUSPICIOUS_MOVES = YES;
				CLANG_WARN_UNREACHABLE_CODE = YES;
				CLANG_WARN__DUPLICATE_METHOD_MATCH = YES;
				"CODE_SIGN_IDENTITY[sdk=iphoneos*]" = "iPhone Developer";
				COPY_PHASE_STRIP = NO;
				DEBUG_INFORMATION_FORMAT = dwarf;
				ENABLE_STRICT_OBJC_MSGSEND = YES;
				ENABLE_TESTABILITY = YES;
				GCC_C_LANGUAGE_STANDARD = gnu99;
				GCC_DYNAMIC_NO_PIC = NO;
				GCC_NO_COMMON_BLOCKS = YES;
				GCC_OPTIMIZATION_LEVEL = 0;
				GCC_PREPROCESSOR_DEFINITIONS = (
					"DEBUG=1",
					"$(inherited)",
				);
				GCC_WARN_64_TO_32_BIT_CONVERSION = YES;
				GCC_WARN_ABOUT_RETURN_TYPE = YES_ERROR;
				GCC_WARN_UNDECLARED_SELECTOR = YES;
				GCC_WARN_UNINITIALIZED_AUTOS = YES_AGGRESSIVE;
				GCC_WARN_UNUSED_FUNCTION = YES;
				GCC_WARN_UNUSED_VARIABLE = YES;
				IPHONEOS_DEPLOYMENT_TARGET = 10.1;
				MTL_ENABLE_DEBUG_INFO = YES;
				ONLY_ACTIVE_ARCH = YES;
				SDKROOT = iphoneos;
				SWIFT_ACTIVE_COMPILATION_CONDITIONS = DEBUG;
				SWIFT_OPTIMIZATION_LEVEL = "-Onone";
				TARGETED_DEVICE_FAMILY = 2;
			};
			name = Debug;
		};
		51BE2F981F8C02F10093C897 /* Release */ = {
			isa = XCBuildConfiguration;
			buildSettings = {
				ALWAYS_SEARCH_USER_PATHS = NO;
				CLANG_ANALYZER_LOCALIZABILITY_NONLOCALIZED = YES;
				CLANG_ANALYZER_NONNULL = YES;
				CLANG_CXX_LANGUAGE_STANDARD = "gnu++0x";
				CLANG_CXX_LIBRARY = "libc++";
				CLANG_ENABLE_MODULES = YES;
				CLANG_ENABLE_OBJC_ARC = YES;
				CLANG_WARN_BLOCK_CAPTURE_AUTORELEASING = YES;
				CLANG_WARN_BOOL_CONVERSION = YES;
				CLANG_WARN_COMMA = YES;
				CLANG_WARN_CONSTANT_CONVERSION = YES;
				CLANG_WARN_DEPRECATED_OBJC_IMPLEMENTATIONS = YES;
				CLANG_WARN_DIRECT_OBJC_ISA_USAGE = YES_ERROR;
				CLANG_WARN_DOCUMENTATION_COMMENTS = YES;
				CLANG_WARN_EMPTY_BODY = YES;
				CLANG_WARN_ENUM_CONVERSION = YES;
				CLANG_WARN_INFINITE_RECURSION = YES;
				CLANG_WARN_INT_CONVERSION = YES;
				CLANG_WARN_NON_LITERAL_NULL_CONVERSION = YES;
				CLANG_WARN_OBJC_IMPLICIT_RETAIN_SELF = YES;
				CLANG_WARN_OBJC_LITERAL_CONVERSION = YES;
				CLANG_WARN_OBJC_ROOT_CLASS = YES_ERROR;
				CLANG_WARN_RANGE_LOOP_ANALYSIS = YES;
				CLANG_WARN_STRICT_PROTOTYPES = YES;
				CLANG_WARN_SUSPICIOUS_MOVE = YES;
				CLANG_WARN_SUSPICIOUS_MOVES = YES;
				CLANG_WARN_UNREACHABLE_CODE = YES;
				CLANG_WARN__DUPLICATE_METHOD_MATCH = YES;
				"CODE_SIGN_IDENTITY[sdk=iphoneos*]" = "iPhone Developer";
				COPY_PHASE_STRIP = NO;
				DEBUG_INFORMATION_FORMAT = "dwarf-with-dsym";
				ENABLE_NS_ASSERTIONS = NO;
				ENABLE_STRICT_OBJC_MSGSEND = YES;
				ENABLE_TESTABILITY = YES;
				GCC_C_LANGUAGE_STANDARD = gnu99;
				GCC_NO_COMMON_BLOCKS = YES;
				GCC_WARN_64_TO_32_BIT_CONVERSION = YES;
				GCC_WARN_ABOUT_RETURN_TYPE = YES_ERROR;
				GCC_WARN_UNDECLARED_SELECTOR = YES;
				GCC_WARN_UNINITIALIZED_AUTOS = YES_AGGRESSIVE;
				GCC_WARN_UNUSED_FUNCTION = YES;
				GCC_WARN_UNUSED_VARIABLE = YES;
				IPHONEOS_DEPLOYMENT_TARGET = 10.1;
				MTL_ENABLE_DEBUG_INFO = NO;
				SDKROOT = iphoneos;
				SWIFT_OPTIMIZATION_LEVEL = "-Owholemodule";
				TARGETED_DEVICE_FAMILY = 2;
				VALIDATE_PRODUCT = YES;
			};
			name = Release;
		};
		51BE2F9A1F8C02F10093C897 /* Debug */ = {
			isa = XCBuildConfiguration;
			baseConfigurationReference = 4E488F90F17C945A36D048A6 /* Pods-Catalog.debug.xcconfig */;
			buildSettings = {
				ASSETCATALOG_COMPILER_APPICON_NAME = AppIcon;
				"CODE_SIGN_IDENTITY[sdk=iphoneos*]" = "iPhone Developer";
				CURRENT_PROJECT_VERSION = 2;
				DEVELOPMENT_TEAM = YMP4M2YLRU;
				FRAMEWORK_SEARCH_PATHS = (
					"$(inherited)",
					"$(PROJECT_DIR)",
				);
				INFOPLIST_FILE = Catalog/Info.plist;
				IPHONEOS_DEPLOYMENT_TARGET = 13.0;
				LD_RUNPATH_SEARCH_PATHS = "$(inherited) @executable_path/Frameworks";
				MARKETING_VERSION = 4.0;
				PRODUCT_BUNDLE_IDENTIFIER = com.appcoda.Catalog;
				PRODUCT_NAME = "$(TARGET_NAME)";
				SWIFT_VERSION = 5.0;
			};
			name = Debug;
		};
		51BE2F9B1F8C02F10093C897 /* Release */ = {
			isa = XCBuildConfiguration;
			baseConfigurationReference = 6F9EC149DBC97831112B7CDA /* Pods-Catalog.release.xcconfig */;
			buildSettings = {
				ASSETCATALOG_COMPILER_APPICON_NAME = AppIcon;
				"CODE_SIGN_IDENTITY[sdk=iphoneos*]" = "iPhone Developer";
				CURRENT_PROJECT_VERSION = 2;
				DEVELOPMENT_TEAM = YMP4M2YLRU;
				FRAMEWORK_SEARCH_PATHS = (
					"$(inherited)",
					"$(PROJECT_DIR)",
				);
				INFOPLIST_FILE = Catalog/Info.plist;
				IPHONEOS_DEPLOYMENT_TARGET = 13.0;
				LD_RUNPATH_SEARCH_PATHS = "$(inherited) @executable_path/Frameworks";
				MARKETING_VERSION = 4.0;
				PRODUCT_BUNDLE_IDENTIFIER = com.appcoda.Catalog;
				PRODUCT_NAME = "$(TARGET_NAME)";
				SWIFT_VERSION = 5.0;
			};
			name = Release;
		};
/* End XCBuildConfiguration section */

/* Begin XCConfigurationList section */
		5114A81520DD796A00224D05 /* Build configuration list for PBXNativeTarget "CatalogTests" */ = {
			isa = XCConfigurationList;
			buildConfigurations = (
				5114A81320DD796A00224D05 /* Debug */,
				5114A81420DD796A00224D05 /* Release */,
			);
			defaultConfigurationIsVisible = 0;
			defaultConfigurationName = Release;
		};
		51BE2F7F1F8C02EC0093C897 /* Build configuration list for PBXProject "Catalog" */ = {
			isa = XCConfigurationList;
			buildConfigurations = (
				51BE2F971F8C02F10093C897 /* Debug */,
				51BE2F981F8C02F10093C897 /* Release */,
			);
			defaultConfigurationIsVisible = 0;
			defaultConfigurationName = Release;
		};
		51BE2F991F8C02F10093C897 /* Build configuration list for PBXNativeTarget "Catalog" */ = {
			isa = XCConfigurationList;
			buildConfigurations = (
				51BE2F9A1F8C02F10093C897 /* Debug */,
				51BE2F9B1F8C02F10093C897 /* Release */,
			);
			defaultConfigurationIsVisible = 0;
			defaultConfigurationName = Release;
		};
/* End XCConfigurationList section */

/* Begin XCVersionGroup section */
		51DA8045233683C0002236E1 /* Catalog.xcdatamodeld */ = {
			isa = XCVersionGroup;
			children = (
				51DA8046233683C0002236E1 /* Catalog.xcdatamodel */,
			);
			currentVersion = 51DA8046233683C0002236E1 /* Catalog.xcdatamodel */;
			path = Catalog.xcdatamodeld;
			sourceTree = "<group>";
			versionGroupType = wrapper.xcdatamodel;
		};
/* End XCVersionGroup section */
	};
	rootObject = 51BE2F7C1F8C02EC0093C897 /* Project object */;
}
